// !$*UTF8*$!
{
	archiveVersion = 1;
	classes = {
	};
	objectVersion = 46;
	objects = {

/* Begin PBXBuildFile section */
		BD1364A91DDD06C700745C63 /* project6.cpp in Sources */ = {isa = PBXBuildFile; fileRef = BD1364A81DDD06C700745C63 /* project6.cpp */; };
		BD1364AC1DDD077C00745C63 /* OpenGL.framework in Frameworks */ = {isa = PBXBuildFile; fileRef = BD1364AB1DDD077C00745C63 /* OpenGL.framework */; };
		BD1364AE1DDD078100745C63 /* GLUT.framework in Frameworks */ = {isa = PBXBuildFile; fileRef = BD1364AD1DDD078100745C63 /* GLUT.framework */; };
/* End PBXBuildFile section */

/* Begin PBXCopyFilesBuildPhase section */
		BD13649C1DDD068F00745C63 /* CopyFiles */ = {
			isa = PBXCopyFilesBuildPhase;
			buildActionMask = 2147483647;
			dstPath = /usr/share/man/man1/;
			dstSubfolderSpec = 0;
			files = (
			);
			runOnlyForDeploymentPostprocessing = 1;
		};
/* End PBXCopyFilesBuildPhase section */

/* Begin PBXFileReference section */
		BD13649E1DDD069000745C63 /* CS450 Project 6 */ = {isa = PBXFileReference; explicitFileType = "compiled.mach-o.executable"; includeInIndex = 0; path = "CS450 Project 6"; sourceTree = BUILT_PRODUCTS_DIR; };
		BD1364A81DDD06C700745C63 /* project6.cpp */ = {isa = PBXFileReference; fileEncoding = 4; lastKnownFileType = sourcecode.cpp.cpp; path = project6.cpp; sourceTree = "<group>"; };
		BD1364AB1DDD077C00745C63 /* OpenGL.framework */ = {isa = PBXFileReference; lastKnownFileType = wrapper.framework; name = OpenGL.framework; path = System/Library/Frameworks/OpenGL.framework; sourceTree = SDKROOT; };
		BD1364AD1DDD078100745C63 /* GLUT.framework */ = {isa = PBXFileReference; lastKnownFileType = wrapper.framework; name = GLUT.framework; path = System/Library/Frameworks/GLUT.framework; sourceTree = SDKROOT; };
/* End PBXFileReference section */

/* Begin PBXFrameworksBuildPhase section */
		BD13649B1DDD068F00745C63 /* Frameworks */ = {
			isa = PBXFrameworksBuildPhase;
			buildActionMask = 2147483647;
			files = (
				BD1364AE1DDD078100745C63 /* GLUT.framework in Frameworks */,
				BD1364AC1DDD077C00745C63 /* OpenGL.framework in Frameworks */,
			);
			runOnlyForDeploymentPostprocessing = 0;
		};
/* End PBXFrameworksBuildPhase section */

/* Begin PBXGroup section */
		BD1364951DDD068F00745C63 = {
			isa = PBXGroup;
			children = (
				BD1364A01DDD069000745C63 /* CS450 Project 6 */,
				BD13649F1DDD069000745C63 /* Products */,
				BD1364AA1DDD077C00745C63 /* Frameworks */,
			);
			sourceTree = "<group>";
		};
		BD13649F1DDD069000745C63 /* Products */ = {
			isa = PBXGroup;
			children = (
				BD13649E1DDD069000745C63 /* CS450 Project 6 */,
			);
			name = Products;
			sourceTree = "<group>";
		};
		BD1364A01DDD069000745C63 /* CS450 Project 6 */ = {
			isa = PBXGroup;
			children = (
				BD1364A81DDD06C700745C63 /* project6.cpp */,
			);
			path = "CS450 Project 6";
			sourceTree = "<group>";
		};
		BD1364AA1DDD077C00745C63 /* Frameworks */ = {
			isa = PBXGroup;
			children = (
				BD1364AD1DDD078100745C63 /* GLUT.framework */,
				BD1364AB1DDD077C00745C63 /* OpenGL.framework */,
			);
			name = Frameworks;
			sourceTree = "<group>";
		};
/* End PBXGroup section */

/* Begin PBXNativeTarget section */
		BD13649D1DDD068F00745C63 /* CS450 Project 6 */ = {
			isa = PBXNativeTarget;
			buildConfigurationList = BD1364A51DDD069000745C63 /* Build configuration list for PBXNativeTarget "CS450 Project 6" */;
			buildPhases = (
				BD13649A1DDD068F00745C63 /* Sources */,
				BD13649B1DDD068F00745C63 /* Frameworks */,
				BD13649C1DDD068F00745C63 /* CopyFiles */,
			);
			buildRules = (
			);
			dependencies = (
			);
			name = "CS450 Project 6";
			productName = "CS450 Project 6";
			productReference = BD13649E1DDD069000745C63 /* CS450 Project 6 */;
			productType = "com.apple.product-type.tool";
		};
/* End PBXNativeTarget section */

/* Begin PBXProject section */
		BD1364961DDD068F00745C63 /* Project object */ = {
			isa = PBXProject;
			attributes = {
				LastUpgradeCheck = 0800;
				ORGANIZATIONNAME = "Kyler Stole";
				TargetAttributes = {
					BD13649D1DDD068F00745C63 = {
						CreatedOnToolsVersion = 8.0;
						ProvisioningStyle = Automatic;
					};
				};
			};
			buildConfigurationList = BD1364991DDD068F00745C63 /* Build configuration list for PBXProject "CS450 Project 6" */;
			compatibilityVersion = "Xcode 3.2";
			developmentRegion = English;
			hasScannedForEncodings = 0;
			knownRegions = (
				en,
			);
			mainGroup = BD1364951DDD068F00745C63;
			productRefGroup = BD13649F1DDD069000745C63 /* Products */;
			projectDirPath = "";
			projectRoot = "";
			targets = (
				BD13649D1DDD068F00745C63 /* CS450 Project 6 */,
			);
		};
/* End PBXProject section */

/* Begin PBXSourcesBuildPhase section */
		BD13649A1DDD068F00745C63 /* Sources */ = {
			isa = PBXSourcesBuildPhase;
			buildActionMask = 2147483647;
			files = (
				BD1364A91DDD06C700745C63 /* project6.cpp in Sources */,
			);
			runOnlyForDeploymentPostprocessing = 0;
		};
/* End PBXSourcesBuildPhase section */

/* Begin XCBuildConfiguration section */
		BD1364A31DDD069000745C63 /* Debug */ = {
			isa = XCBuildConfiguration;
			buildSettings = {
				ALWAYS_SEARCH_USER_PATHS = NO;
				CLANG_ANALYZER_NONNULL = YES;
				CLANG_CXX_LANGUAGE_STANDARD = "gnu++0x";
				CLANG_CXX_LIBRARY = "libc++";
				CLANG_ENABLE_MODULES = YES;
				CLANG_ENABLE_OBJC_ARC = YES;
				CLANG_WARN_BOOL_CONVERSION = YES;
				CLANG_WARN_CONSTANT_CONVERSION = YES;
				CLANG_WARN_DIRECT_OBJC_ISA_USAGE = YES_ERROR;
				CLANG_WARN_DOCUMENTATION_COMMENTS = YES;
				CLANG_WARN_EMPTY_BODY = YES;
				CLANG_WARN_ENUM_CONVERSION = YES;
				CLANG_WARN_INFINITE_RECURSION = YES;
				CLANG_WARN_INT_CONVERSION = YES;
				CLANG_WARN_OBJC_ROOT_CLASS = YES_ERROR;
				CLANG_WARN_SUSPICIOUS_MOVES = YES;
				CLANG_WARN_UNREACHABLE_CODE = YES;
				CLANG_WARN__DUPLICATE_METHOD_MATCH = YES;
				CODE_SIGN_IDENTITY = "-";
				COPY_PHASE_STRIP = NO;
				DEBUG_INFORMATION_FORMAT = dwarf;
				ENABLE_STRICT_OBJC_MSGSEND = YES;
				ENABLE_TESTABILITY = YES;
				GCC_C_LANGUAGE_STANDARD = gnu99;
				GCC_DYNAMIC_NO_PIC = NO;
				GCC_NO_COMMON_BLOCKS = YES;
				GCC_OPTIMIZATION_LEVEL = 0;
				GCC_PREPROCESSOR_DEFINITIONS = (
					"DEBUG=1",
					"$(inherited)",
				);
				GCC_WARN_64_TO_32_BIT_CONVERSION = YES;
				GCC_WARN_ABOUT_RETURN_TYPE = YES_ERROR;
				GCC_WARN_UNDECLARED_SELECTOR = YES;
				GCC_WARN_UNINITIALIZED_AUTOS = YES_AGGRESSIVE;
				GCC_WARN_UNUSED_FUNCTION = YES;
				GCC_WARN_UNUSED_VARIABLE = YES;
				MACOSX_DEPLOYMENT_TARGET = 10.12;
				MTL_ENABLE_DEBUG_INFO = YES;
				ONLY_ACTIVE_ARCH = YES;
				SDKROOT = macosx;
			};
			name = Debug;
		};
		BD1364A41DDD069000745C63 /* Release */ = {
			isa = XCBuildConfiguration;
			buildSettings = {
				ALWAYS_SEARCH_USER_PATHS = NO;
				CLANG_ANALYZER_NONNULL = YES;
				CLANG_CXX_LANGUAGE_STANDARD = "gnu++0x";
				CLANG_CXX_LIBRARY = "libc++";
				CLANG_ENABLE_MODULES = YES;
				CLANG_ENABLE_OBJC_ARC = YES;
				CLANG_WARN_BOOL_CONVERSION = YES;
				CLANG_WARN_CONSTANT_CONVERSION = YES;
				CLANG_WARN_DIRECT_OBJC_ISA_USAGE = YES_ERROR;
				CLANG_WARN_DOCUMENTATION_COMMENTS = YES;
				CLANG_WARN_EMPTY_BODY = YES;
				CLANG_WARN_ENUM_CONVERSION = YES;
				CLANG_WARN_INFINITE_RECURSION = YES;
				CLANG_WARN_INT_CONVERSION = YES;
				CLANG_WARN_OBJC_ROOT_CLASS = YES_ERROR;
				CLANG_WARN_SUSPICIOUS_MOVES = YES;
				CLANG_WARN_UNREACHABLE_CODE = YES;
				CLANG_WARN__DUPLICATE_METHOD_MATCH = YES;
				CODE_SIGN_IDENTITY = "-";
				COPY_PHASE_STRIP = NO;
				DEBUG_INFORMATION_FORMAT = "dwarf-with-dsym";
				ENABLE_NS_ASSERTIONS = NO;
				ENABLE_STRICT_OBJC_MSGSEND = YES;
				GCC_C_LANGUAGE_STANDARD = gnu99;
				GCC_NO_COMMON_BLOCKS = YES;
				GCC_WARN_64_TO_32_BIT_CONVERSION = YES;
				GCC_WARN_ABOUT_RETURN_TYPE = YES_ERROR;
				GCC_WARN_UNDECLARED_SELECTOR = YES;
				GCC_WARN_UNINITIALIZED_AUTOS = YES_AGGRESSIVE;
				GCC_WARN_UNUSED_FUNCTION = YES;
				GCC_WARN_UNUSED_VARIABLE = YES;
				MACOSX_DEPLOYMENT_TARGET = 10.12;
				MTL_ENABLE_DEBUG_INFO = NO;
				SDKROOT = macosx;
			};
			name = Release;
		};
		BD1364A61DDD069000745C63 /* Debug */ = {
			isa = XCBuildConfiguration;
			buildSettings = {
				PRODUCT_NAME = "$(TARGET_NAME)";
			};
			name = Debug;
		};
		BD1364A71DDD069000745C63 /* Release */ = {
			isa = XCBuildConfiguration;
			buildSettings = {
				PRODUCT_NAME = "$(TARGET_NAME)";
			};
			name = Release;
		};
/* End XCBuildConfiguration section */

/* Begin XCConfigurationList section */
		BD1364991DDD068F00745C63 /* Build configuration list for PBXProject "CS450 Project 6" */ = {
			isa = XCConfigurationList;
			buildConfigurations = (
				BD1364A31DDD069000745C63 /* Debug */,
				BD1364A41DDD069000745C63 /* Release */,
			);
			defaultConfigurationIsVisible = 0;
			defaultConfigurationName = Release;
		};
		BD1364A51DDD069000745C63 /* Build configuration list for PBXNativeTarget "CS450 Project 6" */ = {
			isa = XCConfigurationList;
			buildConfigurations = (
				BD1364A61DDD069000745C63 /* Debug */,
				BD1364A71DDD069000745C63 /* Release */,
			);
			defaultConfigurationIsVisible = 0;
		};
/* End XCConfigurationList section */
	};
	rootObject = BD1364961DDD068F00745C63 /* Project object */;
}
