// !$*UTF8*$!
{
	archiveVersion = 1;
	classes = {
	};
	objectVersion = 46;
	objects = {

/* Begin PBXBuildFile section */
		BDB2C3721DAF0D6E00D112A6 /* project2.cpp in Sources */ = {isa = PBXBuildFile; fileRef = BDB2C3711DAF0D6E00D112A6 /* project2.cpp */; };
		BDB2C3771DAF145E00D112A6 /* GLUT.framework in Frameworks */ = {isa = PBXBuildFile; fileRef = BDB2C3761DAF145E00D112A6 /* GLUT.framework */; };
		BDB2C3791DAF146900D112A6 /* OpenGL.framework in Frameworks */ = {isa = PBXBuildFile; fileRef = BDB2C3781DAF146900D112A6 /* OpenGL.framework */; };
/* End PBXBuildFile section */

/* Begin PBXCopyFilesBuildPhase section */
		BDB2C3651DAF0D6000D112A6 /* CopyFiles */ = {
			isa = PBXCopyFilesBuildPhase;
			buildActionMask = 2147483647;
			dstPath = /usr/share/man/man1/;
			dstSubfolderSpec = 0;
			files = (
			);
			runOnlyForDeploymentPostprocessing = 1;
		};
/* End PBXCopyFilesBuildPhase section */

/* Begin PBXFileReference section */
		BDB2C3671DAF0D6000D112A6 /* CS450 Project 2 */ = {isa = PBXFileReference; explicitFileType = "compiled.mach-o.executable"; includeInIndex = 0; path = "CS450 Project 2"; sourceTree = BUILT_PRODUCTS_DIR; };
		BDB2C3711DAF0D6E00D112A6 /* project2.cpp */ = {isa = PBXFileReference; fileEncoding = 4; lastKnownFileType = sourcecode.cpp.cpp; path = project2.cpp; sourceTree = "<group>"; };
		BDB2C3741DAF0E8C00D112A6 /* heli.550 */ = {isa = PBXFileReference; lastKnownFileType = text; path = heli.550; sourceTree = "<group>"; };
		BDB2C3761DAF145E00D112A6 /* GLUT.framework */ = {isa = PBXFileReference; lastKnownFileType = wrapper.framework; name = GLUT.framework; path = System/Library/Frameworks/GLUT.framework; sourceTree = SDKROOT; };
		BDB2C3781DAF146900D112A6 /* OpenGL.framework */ = {isa = PBXFileReference; lastKnownFileType = wrapper.framework; name = OpenGL.framework; path = System/Library/Frameworks/OpenGL.framework; sourceTree = SDKROOT; };
/* End PBXFileReference section */

/* Begin PBXFrameworksBuildPhase section */
		BDB2C3641DAF0D6000D112A6 /* Frameworks */ = {
			isa = PBXFrameworksBuildPhase;
			buildActionMask = 2147483647;
			files = (
				BDB2C3791DAF146900D112A6 /* OpenGL.framework in Frameworks */,
				BDB2C3771DAF145E00D112A6 /* GLUT.framework in Frameworks */,
			);
			runOnlyForDeploymentPostprocessing = 0;
		};
/* End PBXFrameworksBuildPhase section */

/* Begin PBXGroup section */
		BD18F09A1E1B02F7004BBBC4 /* Models */ = {
			isa = PBXGroup;
			children = (
				BDB2C3741DAF0E8C00D112A6 /* heli.550 */,
			);
			name = Models;
			sourceTree = "<group>";
		};
		BDB2C35E1DAF0D6000D112A6 = {
			isa = PBXGroup;
			children = (
				BDB2C3691DAF0D6000D112A6 /* CS450 Project 2 */,
				BDB2C3681DAF0D6000D112A6 /* Products */,
				BDB2C3751DAF145E00D112A6 /* Frameworks */,
			);
			sourceTree = "<group>";
		};
		BDB2C3681DAF0D6000D112A6 /* Products */ = {
			isa = PBXGroup;
			children = (
				BDB2C3671DAF0D6000D112A6 /* CS450 Project 2 */,
			);
			name = Products;
			sourceTree = "<group>";
		};
		BDB2C3691DAF0D6000D112A6 /* CS450 Project 2 */ = {
			isa = PBXGroup;
			children = (
				BDB2C3711DAF0D6E00D112A6 /* project2.cpp */,
				BD18F09A1E1B02F7004BBBC4 /* Models */,
			);
			path = "CS450 Project 2";
			sourceTree = "<group>";
		};
		BDB2C3751DAF145E00D112A6 /* Frameworks */ = {
			isa = PBXGroup;
			children = (
				BDB2C3781DAF146900D112A6 /* OpenGL.framework */,
				BDB2C3761DAF145E00D112A6 /* GLUT.framework */,
			);
			name = Frameworks;
			sourceTree = "<group>";
		};
/* End PBXGroup section */

/* Begin PBXNativeTarget section */
		BDB2C3661DAF0D6000D112A6 /* CS450 Project 2 */ = {
			isa = PBXNativeTarget;
			buildConfigurationList = BDB2C36E1DAF0D6000D112A6 /* Build configuration list for PBXNativeTarget "CS450 Project 2" */;
			buildPhases = (
				BDB2C3631DAF0D6000D112A6 /* Sources */,
				BDB2C3641DAF0D6000D112A6 /* Frameworks */,
				BDB2C3651DAF0D6000D112A6 /* CopyFiles */,
			);
			buildRules = (
			);
			dependencies = (
			);
			name = "CS450 Project 2";
			productName = "CS450 Project 2";
			productReference = BDB2C3671DAF0D6000D112A6 /* CS450 Project 2 */;
			productType = "com.apple.product-type.tool";
		};
/* End PBXNativeTarget section */

/* Begin PBXProject section */
		BDB2C35F1DAF0D6000D112A6 /* Project object */ = {
			isa = PBXProject;
			attributes = {
				LastUpgradeCheck = 0800;
				ORGANIZATIONNAME = "Kyler Stole";
				TargetAttributes = {
					BDB2C3661DAF0D6000D112A6 = {
						CreatedOnToolsVersion = 8.0;
						ProvisioningStyle = Automatic;
					};
				};
			};
			buildConfigurationList = BDB2C3621DAF0D6000D112A6 /* Build configuration list for PBXProject "CS450 Project 2" */;
			compatibilityVersion = "Xcode 3.2";
			developmentRegion = English;
			hasScannedForEncodings = 0;
			knownRegions = (
				en,
			);
			mainGroup = BDB2C35E1DAF0D6000D112A6;
			productRefGroup = BDB2C3681DAF0D6000D112A6 /* Products */;
			projectDirPath = "";
			projectRoot = "";
			targets = (
				BDB2C3661DAF0D6000D112A6 /* CS450 Project 2 */,
			);
		};
/* End PBXProject section */

/* Begin PBXSourcesBuildPhase section */
		BDB2C3631DAF0D6000D112A6 /* Sources */ = {
			isa = PBXSourcesBuildPhase;
			buildActionMask = 2147483647;
			files = (
				BDB2C3721DAF0D6E00D112A6 /* project2.cpp in Sources */,
			);
			runOnlyForDeploymentPostprocessing = 0;
		};
/* End PBXSourcesBuildPhase section */

/* Begin XCBuildConfiguration section */
		BDB2C36C1DAF0D6000D112A6 /* Debug */ = {
			isa = XCBuildConfiguration;
			buildSettings = {
				ALWAYS_SEARCH_USER_PATHS = NO;
				CLANG_ANALYZER_NONNULL = YES;
				CLANG_CXX_LANGUAGE_STANDARD = "gnu++0x";
				CLANG_CXX_LIBRARY = "libc++";
				CLANG_ENABLE_MODULES = YES;
				CLANG_ENABLE_OBJC_ARC = YES;
				CLANG_WARN_BOOL_CONVERSION = YES;
				CLANG_WARN_CONSTANT_CONVERSION = YES;
				CLANG_WARN_DIRECT_OBJC_ISA_USAGE = YES_ERROR;
				CLANG_WARN_DOCUMENTATION_COMMENTS = YES;
				CLANG_WARN_EMPTY_BODY = YES;
				CLANG_WARN_ENUM_CONVERSION = YES;
				CLANG_WARN_INFINITE_RECURSION = YES;
				CLANG_WARN_INT_CONVERSION = YES;
				CLANG_WARN_OBJC_ROOT_CLASS = YES_ERROR;
				CLANG_WARN_SUSPICIOUS_MOVES = YES;
				CLANG_WARN_UNREACHABLE_CODE = YES;
				CLANG_WARN__DUPLICATE_METHOD_MATCH = YES;
				CODE_SIGN_IDENTITY = "-";
				COPY_PHASE_STRIP = NO;
				DEBUG_INFORMATION_FORMAT = dwarf;
				ENABLE_STRICT_OBJC_MSGSEND = YES;
				ENABLE_TESTABILITY = YES;
				GCC_C_LANGUAGE_STANDARD = gnu99;
				GCC_DYNAMIC_NO_PIC = NO;
				GCC_NO_COMMON_BLOCKS = YES;
				GCC_OPTIMIZATION_LEVEL = 0;
				GCC_PREPROCESSOR_DEFINITIONS = (
					"DEBUG=1",
					"$(inherited)",
				);
				GCC_WARN_64_TO_32_BIT_CONVERSION = YES;
				GCC_WARN_ABOUT_RETURN_TYPE = YES_ERROR;
				GCC_WARN_UNDECLARED_SELECTOR = YES;
				GCC_WARN_UNINITIALIZED_AUTOS = YES_AGGRESSIVE;
				GCC_WARN_UNUSED_FUNCTION = YES;
				GCC_WARN_UNUSED_VARIABLE = YES;
				MACOSX_DEPLOYMENT_TARGET = 10.12;
				MTL_ENABLE_DEBUG_INFO = YES;
				ONLY_ACTIVE_ARCH = YES;
				SDKROOT = macosx;
			};
			name = Debug;
		};
		BDB2C36D1DAF0D6000D112A6 /* Release */ = {
			isa = XCBuildConfiguration;
			buildSettings = {
				ALWAYS_SEARCH_USER_PATHS = NO;
				CLANG_ANALYZER_NONNULL = YES;
				CLANG_CXX_LANGUAGE_STANDARD = "gnu++0x";
				CLANG_CXX_LIBRARY = "libc++";
				CLANG_ENABLE_MODULES = YES;
				CLANG_ENABLE_OBJC_ARC = YES;
				CLANG_WARN_BOOL_CONVERSION = YES;
				CLANG_WARN_CONSTANT_CONVERSION = YES;
				CLANG_WARN_DIRECT_OBJC_ISA_USAGE = YES_ERROR;
				CLANG_WARN_DOCUMENTATION_COMMENTS = YES;
				CLANG_WARN_EMPTY_BODY = YES;
				CLANG_WARN_ENUM_CONVERSION = YES;
				CLANG_WARN_INFINITE_RECURSION = YES;
				CLANG_WARN_INT_CONVERSION = YES;
				CLANG_WARN_OBJC_ROOT_CLASS = YES_ERROR;
				CLANG_WARN_SUSPICIOUS_MOVES = YES;
				CLANG_WARN_UNREACHABLE_CODE = YES;
				CLANG_WARN__DUPLICATE_METHOD_MATCH = YES;
				CODE_SIGN_IDENTITY = "-";
				COPY_PHASE_STRIP = NO;
				DEBUG_INFORMATION_FORMAT = "dwarf-with-dsym";
				ENABLE_NS_ASSERTIONS = NO;
				ENABLE_STRICT_OBJC_MSGSEND = YES;
				GCC_C_LANGUAGE_STANDARD = gnu99;
				GCC_NO_COMMON_BLOCKS = YES;
				GCC_WARN_64_TO_32_BIT_CONVERSION = YES;
				GCC_WARN_ABOUT_RETURN_TYPE = YES_ERROR;
				GCC_WARN_UNDECLARED_SELECTOR = YES;
				GCC_WARN_UNINITIALIZED_AUTOS = YES_AGGRESSIVE;
				GCC_WARN_UNUSED_FUNCTION = YES;
				GCC_WARN_UNUSED_VARIABLE = YES;
				MACOSX_DEPLOYMENT_TARGET = 10.12;
				MTL_ENABLE_DEBUG_INFO = NO;
				SDKROOT = macosx;
			};
			name = Release;
		};
		BDB2C36F1DAF0D6000D112A6 /* Debug */ = {
			isa = XCBuildConfiguration;
			buildSettings = {
				PRODUCT_NAME = "$(TARGET_NAME)";
			};
			name = Debug;
		};
		BDB2C3701DAF0D6000D112A6 /* Release */ = {
			isa = XCBuildConfiguration;
			buildSettings = {
				PRODUCT_NAME = "$(TARGET_NAME)";
			};
			name = Release;
		};
/* End XCBuildConfiguration section */

/* Begin XCConfigurationList section */
		BDB2C3621DAF0D6000D112A6 /* Build configuration list for PBXProject "CS450 Project 2" */ = {
			isa = XCConfigurationList;
			buildConfigurations = (
				BDB2C36C1DAF0D6000D112A6 /* Debug */,
				BDB2C36D1DAF0D6000D112A6 /* Release */,
			);
			defaultConfigurationIsVisible = 0;
			defaultConfigurationName = Release;
		};
		BDB2C36E1DAF0D6000D112A6 /* Build configuration list for PBXNativeTarget "CS450 Project 2" */ = {
			isa = XCConfigurationList;
			buildConfigurations = (
				BDB2C36F1DAF0D6000D112A6 /* Debug */,
				BDB2C3701DAF0D6000D112A6 /* Release */,
			);
			defaultConfigurationIsVisible = 0;
			defaultConfigurationName = Release;
		};
/* End XCConfigurationList section */
	};
	rootObject = BDB2C35F1DAF0D6000D112A6 /* Project object */;
}
